// !$*UTF8*$!
{
	archiveVersion = 1;
	classes = {
	};
	objectVersion = 55;
	objects = {

/* Begin PBXBuildFile section */
		6F2597B527809EF700B4BA57 /* AppDelegate.swift in Sources */ = {isa = PBXBuildFile; fileRef = 6F2597B427809EF700B4BA57 /* AppDelegate.swift */; };
		6F2597B727809EF700B4BA57 /* SceneDelegate.swift in Sources */ = {isa = PBXBuildFile; fileRef = 6F2597B627809EF700B4BA57 /* SceneDelegate.swift */; };
		6F2597B927809EF700B4BA57 /* ViewController.swift in Sources */ = {isa = PBXBuildFile; fileRef = 6F2597B827809EF700B4BA57 /* ViewController.swift */; };
		6F2597BC27809EF700B4BA57 /* Main.storyboard in Resources */ = {isa = PBXBuildFile; fileRef = 6F2597BA27809EF700B4BA57 /* Main.storyboard */; };
		6F2597BF27809EF700B4BA57 /* Puzzle15iOS.xcdatamodeld in Sources */ = {isa = PBXBuildFile; fileRef = 6F2597BD27809EF700B4BA57 /* Puzzle15iOS.xcdatamodeld */; };
		6F2597C127809EF700B4BA57 /* Assets.xcassets in Resources */ = {isa = PBXBuildFile; fileRef = 6F2597C027809EF700B4BA57 /* Assets.xcassets */; };
		6F2597C427809EF700B4BA57 /* LaunchScreen.storyboard in Resources */ = {isa = PBXBuildFile; fileRef = 6F2597C227809EF700B4BA57 /* LaunchScreen.storyboard */; };
		6F2597D42780CB4400B4BA57 /* ViewControllerMain.swift in Sources */ = {isa = PBXBuildFile; fileRef = 6F2597D32780CB4400B4BA57 /* ViewControllerMain.swift */; };
		6F2597D62780CB5100B4BA57 /* ViewControllerLeaderboards.swift in Sources */ = {isa = PBXBuildFile; fileRef = 6F2597D52780CB5100B4BA57 /* ViewControllerLeaderboards.swift */; };
		6F2597D8278214D000B4BA57 /* BoardModel.swift in Sources */ = {isa = PBXBuildFile; fileRef = 6F2597D7278214D000B4BA57 /* BoardModel.swift */; };
/* End PBXBuildFile section */

/* Begin PBXFileReference section */
		6F2597B127809EF700B4BA57 /* Puzzle15iOS.app */ = {isa = PBXFileReference; explicitFileType = wrapper.application; includeInIndex = 0; path = Puzzle15iOS.app; sourceTree = BUILT_PRODUCTS_DIR; };
		6F2597B427809EF700B4BA57 /* AppDelegate.swift */ = {isa = PBXFileReference; lastKnownFileType = sourcecode.swift; path = AppDelegate.swift; sourceTree = "<group>"; };
		6F2597B627809EF700B4BA57 /* SceneDelegate.swift */ = {isa = PBXFileReference; lastKnownFileType = sourcecode.swift; path = SceneDelegate.swift; sourceTree = "<group>"; };
		6F2597B827809EF700B4BA57 /* ViewController.swift */ = {isa = PBXFileReference; lastKnownFileType = sourcecode.swift; path = ViewController.swift; sourceTree = "<group>"; };
		6F2597BB27809EF700B4BA57 /* Base */ = {isa = PBXFileReference; lastKnownFileType = file.storyboard; name = Base; path = Base.lproj/Main.storyboard; sourceTree = "<group>"; };
		6F2597BE27809EF700B4BA57 /* Puzzle15iOS.xcdatamodel */ = {isa = PBXFileReference; lastKnownFileType = wrapper.xcdatamodel; path = Puzzle15iOS.xcdatamodel; sourceTree = "<group>"; };
		6F2597C027809EF700B4BA57 /* Assets.xcassets */ = {isa = PBXFileReference; lastKnownFileType = folder.assetcatalog; path = Assets.xcassets; sourceTree = "<group>"; };
		6F2597C327809EF700B4BA57 /* Base */ = {isa = PBXFileReference; lastKnownFileType = file.storyboard; name = Base; path = Base.lproj/LaunchScreen.storyboard; sourceTree = "<group>"; };
		6F2597C527809EF700B4BA57 /* Info.plist */ = {isa = PBXFileReference; lastKnownFileType = text.plist.xml; path = Info.plist; sourceTree = "<group>"; };
		6F2597D32780CB4400B4BA57 /* ViewControllerMain.swift */ = {isa = PBXFileReference; lastKnownFileType = sourcecode.swift; path = ViewControllerMain.swift; sourceTree = "<group>"; };
		6F2597D52780CB5100B4BA57 /* ViewControllerLeaderboards.swift */ = {isa = PBXFileReference; lastKnownFileType = sourcecode.swift; path = ViewControllerLeaderboards.swift; sourceTree = "<group>"; };
		6F2597D7278214D000B4BA57 /* BoardModel.swift */ = {isa = PBXFileReference; lastKnownFileType = sourcecode.swift; path = BoardModel.swift; sourceTree = "<group>"; };
/* End PBXFileReference section */

/* Begin PBXFrameworksBuildPhase section */
		6F2597AE27809EF700B4BA57 /* Frameworks */ = {
			isa = PBXFrameworksBuildPhase;
			buildActionMask = 2147483647;
			files = (
			);
			runOnlyForDeploymentPostprocessing = 0;
		};
/* End PBXFrameworksBuildPhase section */

/* Begin PBXGroup section */
		6F2597A827809EF700B4BA57 = {
			isa = PBXGroup;
			children = (
				6F2597B327809EF700B4BA57 /* Puzzle15iOS */,
				6F2597B227809EF700B4BA57 /* Products */,
			);
			sourceTree = "<group>";
		};
		6F2597B227809EF700B4BA57 /* Products */ = {
			isa = PBXGroup;
			children = (
				6F2597B127809EF700B4BA57 /* Puzzle15iOS.app */,
			);
			name = Products;
			sourceTree = "<group>";
		};
		6F2597B327809EF700B4BA57 /* Puzzle15iOS */ = {
			isa = PBXGroup;
			children = (
				6F2597B427809EF700B4BA57 /* AppDelegate.swift */,
				6F2597B627809EF700B4BA57 /* SceneDelegate.swift */,
				6F2597B827809EF700B4BA57 /* ViewController.swift */,
				6F2597BA27809EF700B4BA57 /* Main.storyboard */,
				6F2597C027809EF700B4BA57 /* Assets.xcassets */,
				6F2597C227809EF700B4BA57 /* LaunchScreen.storyboard */,
				6F2597C527809EF700B4BA57 /* Info.plist */,
				6F2597BD27809EF700B4BA57 /* Puzzle15iOS.xcdatamodeld */,
				6F2597D32780CB4400B4BA57 /* ViewControllerMain.swift */,
				6F2597D52780CB5100B4BA57 /* ViewControllerLeaderboards.swift */,
				6F2597D7278214D000B4BA57 /* BoardModel.swift */,
			);
			path = Puzzle15iOS;
			sourceTree = "<group>";
		};
/* End PBXGroup section */

/* Begin PBXNativeTarget section */
		6F2597B027809EF700B4BA57 /* Puzzle15iOS */ = {
			isa = PBXNativeTarget;
			buildConfigurationList = 6F2597C827809EF700B4BA57 /* Build configuration list for PBXNativeTarget "Puzzle15iOS" */;
			buildPhases = (
				6F2597AD27809EF700B4BA57 /* Sources */,
				6F2597AE27809EF700B4BA57 /* Frameworks */,
				6F2597AF27809EF700B4BA57 /* Resources */,
			);
			buildRules = (
			);
			dependencies = (
			);
			name = Puzzle15iOS;
			productName = Puzzle15iOS;
			productReference = 6F2597B127809EF700B4BA57 /* Puzzle15iOS.app */;
			productType = "com.apple.product-type.application";
		};
/* End PBXNativeTarget section */

/* Begin PBXProject section */
		6F2597A927809EF700B4BA57 /* Project object */ = {
			isa = PBXProject;
			attributes = {
				BuildIndependentTargetsInParallel = 1;
				LastSwiftUpdateCheck = 1310;
				LastUpgradeCheck = 1310;
				TargetAttributes = {
					6F2597B027809EF700B4BA57 = {
						CreatedOnToolsVersion = 13.1;
					};
				};
			};
			buildConfigurationList = 6F2597AC27809EF700B4BA57 /* Build configuration list for PBXProject "Puzzle15iOS" */;
			compatibilityVersion = "Xcode 13.0";
			developmentRegion = en;
			hasScannedForEncodings = 0;
			knownRegions = (
				en,
				Base,
			);
			mainGroup = 6F2597A827809EF700B4BA57;
			productRefGroup = 6F2597B227809EF700B4BA57 /* Products */;
			projectDirPath = "";
			projectRoot = "";
			targets = (
				6F2597B027809EF700B4BA57 /* Puzzle15iOS */,
			);
		};
/* End PBXProject section */

/* Begin PBXResourcesBuildPhase section */
		6F2597AF27809EF700B4BA57 /* Resources */ = {
			isa = PBXResourcesBuildPhase;
			buildActionMask = 2147483647;
			files = (
				6F2597C427809EF700B4BA57 /* LaunchScreen.storyboard in Resources */,
				6F2597C127809EF700B4BA57 /* Assets.xcassets in Resources */,
				6F2597BC27809EF700B4BA57 /* Main.storyboard in Resources */,
			);
			runOnlyForDeploymentPostprocessing = 0;
		};
/* End PBXResourcesBuildPhase section */

/* Begin PBXSourcesBuildPhase section */
		6F2597AD27809EF700B4BA57 /* Sources */ = {
			isa = PBXSourcesBuildPhase;
			buildActionMask = 2147483647;
			files = (
				6F2597B927809EF700B4BA57 /* ViewController.swift in Sources */,
				6F2597D8278214D000B4BA57 /* BoardModel.swift in Sources */,
				6F2597B527809EF700B4BA57 /* AppDelegate.swift in Sources */,
				6F2597B727809EF700B4BA57 /* SceneDelegate.swift in Sources */,
				6F2597D42780CB4400B4BA57 /* ViewControllerMain.swift in Sources */,
				6F2597D62780CB5100B4BA57 /* ViewControllerLeaderboards.swift in Sources */,
				6F2597BF27809EF700B4BA57 /* Puzzle15iOS.xcdatamodeld in Sources */,
			);
			runOnlyForDeploymentPostprocessing = 0;
		};
/* End PBXSourcesBuildPhase section */

/* Begin PBXVariantGroup section */
		6F2597BA27809EF700B4BA57 /* Main.storyboard */ = {
			isa = PBXVariantGroup;
			children = (
				6F2597BB27809EF700B4BA57 /* Base */,
			);
			name = Main.storyboard;
			sourceTree = "<group>";
		};
		6F2597C227809EF700B4BA57 /* LaunchScreen.storyboard */ = {
			isa = PBXVariantGroup;
			children = (
				6F2597C327809EF700B4BA57 /* Base */,
			);
			name = LaunchScreen.storyboard;
			sourceTree = "<group>";
		};
/* End PBXVariantGroup section */

/* Begin XCBuildConfiguration section */
		6F2597C627809EF700B4BA57 /* Debug */ = {
			isa = XCBuildConfiguration;
			buildSettings = {
				ALWAYS_SEARCH_USER_PATHS = NO;
				CLANG_ANALYZER_NONNULL = YES;
				CLANG_ANALYZER_NUMBER_OBJECT_CONVERSION = YES_AGGRESSIVE;
				CLANG_CXX_LANGUAGE_STANDARD = "gnu++17";
				CLANG_CXX_LIBRARY = "libc++";
				CLANG_ENABLE_MODULES = YES;
				CLANG_ENABLE_OBJC_ARC = YES;
				CLANG_ENABLE_OBJC_WEAK = YES;
				CLANG_WARN_BLOCK_CAPTURE_AUTORELEASING = YES;
				CLANG_WARN_BOOL_CONVERSION = YES;
				CLANG_WARN_COMMA = YES;
				CLANG_WARN_CONSTANT_CONVERSION = YES;
				CLANG_WARN_DEPRECATED_OBJC_IMPLEMENTATIONS = YES;
				CLANG_WARN_DIRECT_OBJC_ISA_USAGE = YES_ERROR;
				CLANG_WARN_DOCUMENTATION_COMMENTS = YES;
				CLANG_WARN_EMPTY_BODY = YES;
				CLANG_WARN_ENUM_CONVERSION = YES;
				CLANG_WARN_INFINITE_RECURSION = YES;
				CLANG_WARN_INT_CONVERSION = YES;
				CLANG_WARN_NON_LITERAL_NULL_CONVERSION = YES;
				CLANG_WARN_OBJC_IMPLICIT_RETAIN_SELF = YES;
				CLANG_WARN_OBJC_LITERAL_CONVERSION = YES;
				CLANG_WARN_OBJC_ROOT_CLASS = YES_ERROR;
				CLANG_WARN_QUOTED_INCLUDE_IN_FRAMEWORK_HEADER = YES;
				CLANG_WARN_RANGE_LOOP_ANALYSIS = YES;
				CLANG_WARN_STRICT_PROTOTYPES = YES;
				CLANG_WARN_SUSPICIOUS_MOVE = YES;
				CLANG_WARN_UNGUARDED_AVAILABILITY = YES_AGGRESSIVE;
				CLANG_WARN_UNREACHABLE_CODE = YES;
				CLANG_WARN__DUPLICATE_METHOD_MATCH = YES;
				COPY_PHASE_STRIP = NO;
				DEBUG_INFORMATION_FORMAT = dwarf;
				ENABLE_STRICT_OBJC_MSGSEND = YES;
				ENABLE_TESTABILITY = YES;
				GCC_C_LANGUAGE_STANDARD = gnu11;
				GCC_DYNAMIC_NO_PIC = NO;
				GCC_NO_COMMON_BLOCKS = YES;
				GCC_OPTIMIZATION_LEVEL = 0;
				GCC_PREPROCESSOR_DEFINITIONS = (
					"DEBUG=1",
					"$(inherited)",
				);
				GCC_WARN_64_TO_32_BIT_CONVERSION = YES;
				GCC_WARN_ABOUT_RETURN_TYPE = YES_ERROR;
				GCC_WARN_UNDECLARED_SELECTOR = YES;
				GCC_WARN_UNINITIALIZED_AUTOS = YES_AGGRESSIVE;
				GCC_WARN_UNUSED_FUNCTION = YES;
				GCC_WARN_UNUSED_VARIABLE = YES;
				IPHONEOS_DEPLOYMENT_TARGET = 15.0;
				MTL_ENABLE_DEBUG_INFO = INCLUDE_SOURCE;
				MTL_FAST_MATH = YES;
				ONLY_ACTIVE_ARCH = YES;
				SDKROOT = iphoneos;
				SWIFT_ACTIVE_COMPILATION_CONDITIONS = DEBUG;
				SWIFT_OPTIMIZATION_LEVEL = "-Onone";
			};
			name = Debug;
		};
		6F2597C727809EF700B4BA57 /* Release */ = {
			isa = XCBuildConfiguration;
			buildSettings = {
				ALWAYS_SEARCH_USER_PATHS = NO;
				CLANG_ANALYZER_NONNULL = YES;
				CLANG_ANALYZER_NUMBER_OBJECT_CONVERSION = YES_AGGRESSIVE;
				CLANG_CXX_LANGUAGE_STANDARD = "gnu++17";
				CLANG_CXX_LIBRARY = "libc++";
				CLANG_ENABLE_MODULES = YES;
				CLANG_ENABLE_OBJC_ARC = YES;
				CLANG_ENABLE_OBJC_WEAK = YES;
				CLANG_WARN_BLOCK_CAPTURE_AUTORELEASING = YES;
				CLANG_WARN_BOOL_CONVERSION = YES;
				CLANG_WARN_COMMA = YES;
				CLANG_WARN_CONSTANT_CONVERSION = YES;
				CLANG_WARN_DEPRECATED_OBJC_IMPLEMENTATIONS = YES;
				CLANG_WARN_DIRECT_OBJC_ISA_USAGE = YES_ERROR;
				CLANG_WARN_DOCUMENTATION_COMMENTS = YES;
				CLANG_WARN_EMPTY_BODY = YES;
				CLANG_WARN_ENUM_CONVERSION = YES;
				CLANG_WARN_INFINITE_RECURSION = YES;
				CLANG_WARN_INT_CONVERSION = YES;
				CLANG_WARN_NON_LITERAL_NULL_CONVERSION = YES;
				CLANG_WARN_OBJC_IMPLICIT_RETAIN_SELF = YES;
				CLANG_WARN_OBJC_LITERAL_CONVERSION = YES;
				CLANG_WARN_OBJC_ROOT_CLASS = YES_ERROR;
				CLANG_WARN_QUOTED_INCLUDE_IN_FRAMEWORK_HEADER = YES;
				CLANG_WARN_RANGE_LOOP_ANALYSIS = YES;
				CLANG_WARN_STRICT_PROTOTYPES = YES;
				CLANG_WARN_SUSPICIOUS_MOVE = YES;
				CLANG_WARN_UNGUARDED_AVAILABILITY = YES_AGGRESSIVE;
				CLANG_WARN_UNREACHABLE_CODE = YES;
				CLANG_WARN__DUPLICATE_METHOD_MATCH = YES;
				COPY_PHASE_STRIP = NO;
				DEBUG_INFORMATION_FORMAT = "dwarf-with-dsym";
				ENABLE_NS_ASSERTIONS = NO;
				ENABLE_STRICT_OBJC_MSGSEND = YES;
				GCC_C_LANGUAGE_STANDARD = gnu11;
				GCC_NO_COMMON_BLOCKS = YES;
				GCC_WARN_64_TO_32_BIT_CONVERSION = YES;
				GCC_WARN_ABOUT_RETURN_TYPE = YES_ERROR;
				GCC_WARN_UNDECLARED_SELECTOR = YES;
				GCC_WARN_UNINITIALIZED_AUTOS = YES_AGGRESSIVE;
				GCC_WARN_UNUSED_FUNCTION = YES;
				GCC_WARN_UNUSED_VARIABLE = YES;
				IPHONEOS_DEPLOYMENT_TARGET = 15.0;
				MTL_ENABLE_DEBUG_INFO = NO;
				MTL_FAST_MATH = YES;
				SDKROOT = iphoneos;
				SWIFT_COMPILATION_MODE = wholemodule;
				SWIFT_OPTIMIZATION_LEVEL = "-O";
				VALIDATE_PRODUCT = YES;
			};
			name = Release;
		};
		6F2597C927809EF700B4BA57 /* Debug */ = {
			isa = XCBuildConfiguration;
			buildSettings = {
				ASSETCATALOG_COMPILER_APPICON_NAME = AppIcon;
				ASSETCATALOG_COMPILER_GLOBAL_ACCENT_COLOR_NAME = AccentColor;
				CODE_SIGN_STYLE = Automatic;
				CURRENT_PROJECT_VERSION = 1;
				DEVELOPMENT_TEAM = 4YC644ZLZJ;
				GENERATE_INFOPLIST_FILE = YES;
				INFOPLIST_FILE = Puzzle15iOS/Info.plist;
				INFOPLIST_KEY_UIApplicationSupportsIndirectInputEvents = YES;
				INFOPLIST_KEY_UILaunchStoryboardName = LaunchScreen;
				INFOPLIST_KEY_UIMainStoryboardFile = Main;
				INFOPLIST_KEY_UISupportedInterfaceOrientations = UIInterfaceOrientationPortrait;
				INFOPLIST_KEY_UISupportedInterfaceOrientations_iPad = "UIInterfaceOrientationPortrait UIInterfaceOrientationPortraitUpsideDown UIInterfaceOrientationLandscapeLeft UIInterfaceOrientationLandscapeRight";
				INFOPLIST_KEY_UISupportedInterfaceOrientations_iPhone = "UIInterfaceOrientationPortrait UIInterfaceOrientationLandscapeLeft UIInterfaceOrientationLandscapeRight";
				LD_RUNPATH_SEARCH_PATHS = (
					"$(inherited)",
					"@executable_path/Frameworks",
				);
				MARKETING_VERSION = 1.0;
				PRODUCT_BUNDLE_IDENTIFIER = arljub.Puzzle15iOS;
				PRODUCT_NAME = "$(TARGET_NAME)";
				SWIFT_EMIT_LOC_STRINGS = YES;
				SWIFT_VERSION = 5.0;
				TARGETED_DEVICE_FAMILY = "1,2";
			};
			name = Debug;
		};
		6F2597CA27809EF700B4BA57 /* Release */ = {
			isa = XCBuildConfiguration;
			buildSettings = {
				ASSETCATALOG_COMPILER_APPICON_NAME = AppIcon;
				ASSETCATALOG_COMPILER_GLOBAL_ACCENT_COLOR_NAME = AccentColor;
				CODE_SIGN_STYLE = Automatic;
				CURRENT_PROJECT_VERSION = 1;
				DEVELOPMENT_TEAM = 4YC644ZLZJ;
				GENERATE_INFOPLIST_FILE = YES;
				INFOPLIST_FILE = Puzzle15iOS/Info.plist;
				INFOPLIST_KEY_UIApplicationSupportsIndirectInputEvents = YES;
				INFOPLIST_KEY_UILaunchStoryboardName = LaunchScreen;
				INFOPLIST_KEY_UIMainStoryboardFile = Main;
				INFOPLIST_KEY_UISupportedInterfaceOrientations = UIInterfaceOrientationPortrait;
				INFOPLIST_KEY_UISupportedInterfaceOrientations_iPad = "UIInterfaceOrientationPortrait UIInterfaceOrientationPortraitUpsideDown UIInterfaceOrientationLandscapeLeft UIInterfaceOrientationLandscapeRight";
				INFOPLIST_KEY_UISupportedInterfaceOrientations_iPhone = "UIInterfaceOrientationPortrait UIInterfaceOrientationLandscapeLeft UIInterfaceOrientationLandscapeRight";
				LD_RUNPATH_SEARCH_PATHS = (
					"$(inherited)",
					"@executable_path/Frameworks",
				);
				MARKETING_VERSION = 1.0;
				PRODUCT_BUNDLE_IDENTIFIER = arljub.Puzzle15iOS;
				PRODUCT_NAME = "$(TARGET_NAME)";
				SWIFT_EMIT_LOC_STRINGS = YES;
				SWIFT_VERSION = 5.0;
				TARGETED_DEVICE_FAMILY = "1,2";
			};
			name = Release;
		};
/* End XCBuildConfiguration section */

/* Begin XCConfigurationList section */
		6F2597AC27809EF700B4BA57 /* Build configuration list for PBXProject "Puzzle15iOS" */ = {
			isa = XCConfigurationList;
			buildConfigurations = (
				6F2597C627809EF700B4BA57 /* Debug */,
				6F2597C727809EF700B4BA57 /* Release */,
			);
			defaultConfigurationIsVisible = 0;
			defaultConfigurationName = Release;
		};
		6F2597C827809EF700B4BA57 /* Build configuration list for PBXNativeTarget "Puzzle15iOS" */ = {
			isa = XCConfigurationList;
			buildConfigurations = (
				6F2597C927809EF700B4BA57 /* Debug */,
				6F2597CA27809EF700B4BA57 /* Release */,
			);
			defaultConfigurationIsVisible = 0;
			defaultConfigurationName = Release;
		};
/* End XCConfigurationList section */

/* Begin XCVersionGroup section */
		6F2597BD27809EF700B4BA57 /* Puzzle15iOS.xcdatamodeld */ = {
			isa = XCVersionGroup;
			children = (
				6F2597BE27809EF700B4BA57 /* Puzzle15iOS.xcdatamodel */,
			);
			currentVersion = 6F2597BE27809EF700B4BA57 /* Puzzle15iOS.xcdatamodel */;
			path = Puzzle15iOS.xcdatamodeld;
			sourceTree = "<group>";
			versionGroupType = wrapper.xcdatamodel;
		};
/* End XCVersionGroup section */
	};
	rootObject = 6F2597A927809EF700B4BA57 /* Project object */;
}
